// !$*UTF8*$!
{
	archiveVersion = 1;
	classes = {
	};
	objectVersion = 56;
	objects = {

/* Begin PBXBuildFile section */
		100000000000000000000101 /* main.swift in Sources */ = {isa = PBXBuildFile; fileRef = 100000000000000000000001 /* main.swift */; };
		100000000000000000000102 /* AppDelegate.swift in Sources */ = {isa = PBXBuildFile; fileRef = 100000000000000000000002 /* AppDelegate.swift */; };
		100000000000000000000103 /* StatusBarController.swift in Sources */ = {isa = PBXBuildFile; fileRef = 100000000000000000000003 /* StatusBarController.swift */; };
		100000000000000000000104 /* AccessibilityPermissionManager.swift in Sources */ = {isa = PBXBuildFile; fileRef = 100000000000000000000004 /* AccessibilityPermissionManager.swift */; };
		100000000000000000000105 /* GlobalHotkeyManager.swift in Sources */ = {isa = PBXBuildFile; fileRef = 100000000000000000000005 /* GlobalHotkeyManager.swift */; };
		100000000000000000000106 /* WindowEnumerator.swift in Sources */ = {isa = PBXBuildFile; fileRef = 100000000000000000000006 /* WindowEnumerator.swift */; };
		100000000000000000000107 /* AXWindowController.swift in Sources */ = {isa = PBXBuildFile; fileRef = 100000000000000000000007 /* AXWindowController.swift */; };
		100000000000000000000108 /* WindowCloser.swift in Sources */ = {isa = PBXBuildFile; fileRef = 100000000000000000000008 /* WindowCloser.swift */; };
		100000000000000000000109 /* Logger.swift in Sources */ = {isa = PBXBuildFile; fileRef = 100000000000000000000009 /* Logger.swift */; };
		10000000000000000000010A /* MissionControlDetector.swift in Sources */ = {isa = PBXBuildFile; fileRef = 10000000000000000000000C /* MissionControlDetector.swift */; };
		10000000000000000000010B /* DebugWindowDumper.swift in Sources */ = {isa = PBXBuildFile; fileRef = 10000000000000000000000D /* DebugWindowDumper.swift */; };
		10000000000000000000010C /* MatchingConfidence.swift in Sources */ = {isa = PBXBuildFile; fileRef = 10000000000000000000000E /* MatchingConfidence.swift */; };
		10000000000000000000010D /* AppConfiguration.swift in Sources */ = {isa = PBXBuildFile; fileRef = 10000000000000000000000F /* AppConfiguration.swift */; };
		10000000000000000000010E /* MissionControlOverlayRefresher.swift in Sources */ = {isa = PBXBuildFile; fileRef = 100000000000000000000010 /* MissionControlOverlayRefresher.swift */; };
		10000000000000000000010F /* TrackpadGestureDetector.swift in Sources */ = {isa = PBXBuildFile; fileRef = 100000000000000000000011 /* TrackpadGestureDetector.swift */; };
/* End PBXBuildFile section */

/* Begin PBXFileReference section */
		100000000000000000000001 /* main.swift */ = {isa = PBXFileReference; lastKnownFileType = sourcecode.swift; path = main.swift; sourceTree = "<group>"; };
		100000000000000000000002 /* AppDelegate.swift */ = {isa = PBXFileReference; lastKnownFileType = sourcecode.swift; path = AppDelegate.swift; sourceTree = "<group>"; };
		100000000000000000000003 /* StatusBarController.swift */ = {isa = PBXFileReference; lastKnownFileType = sourcecode.swift; path = StatusBarController.swift; sourceTree = "<group>"; };
		100000000000000000000004 /* AccessibilityPermissionManager.swift */ = {isa = PBXFileReference; lastKnownFileType = sourcecode.swift; path = AccessibilityPermissionManager.swift; sourceTree = "<group>"; };
		100000000000000000000005 /* GlobalHotkeyManager.swift */ = {isa = PBXFileReference; lastKnownFileType = sourcecode.swift; path = GlobalHotkeyManager.swift; sourceTree = "<group>"; };
		100000000000000000000006 /* WindowEnumerator.swift */ = {isa = PBXFileReference; lastKnownFileType = sourcecode.swift; path = WindowEnumerator.swift; sourceTree = "<group>"; };
		100000000000000000000007 /* AXWindowController.swift */ = {isa = PBXFileReference; lastKnownFileType = sourcecode.swift; path = AXWindowController.swift; sourceTree = "<group>"; };
		100000000000000000000008 /* WindowCloser.swift */ = {isa = PBXFileReference; lastKnownFileType = sourcecode.swift; path = WindowCloser.swift; sourceTree = "<group>"; };
		100000000000000000000009 /* Logger.swift */ = {isa = PBXFileReference; lastKnownFileType = sourcecode.swift; path = Logger.swift; sourceTree = "<group>"; };
		10000000000000000000000A /* Info.plist */ = {isa = PBXFileReference; lastKnownFileType = text.plist.xml; path = Info.plist; sourceTree = "<group>"; };
		10000000000000000000000B /* MissionSwipe.app */ = {isa = PBXFileReference; explicitFileType = wrapper.application; includeInIndex = 0; path = MissionSwipe.app; sourceTree = BUILT_PRODUCTS_DIR; };
		10000000000000000000000C /* MissionControlDetector.swift */ = {isa = PBXFileReference; lastKnownFileType = sourcecode.swift; path = MissionControlDetector.swift; sourceTree = "<group>"; };
		10000000000000000000000D /* DebugWindowDumper.swift */ = {isa = PBXFileReference; lastKnownFileType = sourcecode.swift; path = DebugWindowDumper.swift; sourceTree = "<group>"; };
		10000000000000000000000E /* MatchingConfidence.swift */ = {isa = PBXFileReference; lastKnownFileType = sourcecode.swift; path = MatchingConfidence.swift; sourceTree = "<group>"; };
		10000000000000000000000F /* AppConfiguration.swift */ = {isa = PBXFileReference; lastKnownFileType = sourcecode.swift; path = AppConfiguration.swift; sourceTree = "<group>"; };
		100000000000000000000010 /* MissionControlOverlayRefresher.swift */ = {isa = PBXFileReference; lastKnownFileType = sourcecode.swift; path = MissionControlOverlayRefresher.swift; sourceTree = "<group>"; };
		100000000000000000000011 /* TrackpadGestureDetector.swift */ = {isa = PBXFileReference; lastKnownFileType = sourcecode.swift; path = TrackpadGestureDetector.swift; sourceTree = "<group>"; };
/* End PBXFileReference section */

/* Begin PBXFrameworksBuildPhase section */
		100000000000000000000201 /* Frameworks */ = {
			isa = PBXFrameworksBuildPhase;
			buildActionMask = 2147483647;
			files = (
			);
			runOnlyForDeploymentPostprocessing = 0;
		};
/* End PBXFrameworksBuildPhase section */

/* Begin PBXGroup section */
		100000000000000000000301 = {
			isa = PBXGroup;
			children = (
				100000000000000000000302 /* MissionSwipe */,
				100000000000000000000303 /* Products */,
			);
			sourceTree = "<group>";
		};
		100000000000000000000302 /* MissionSwipe */ = {
			isa = PBXGroup;
			children = (
				100000000000000000000001 /* main.swift */,
				100000000000000000000002 /* AppDelegate.swift */,
				100000000000000000000003 /* StatusBarController.swift */,
				100000000000000000000004 /* AccessibilityPermissionManager.swift */,
				100000000000000000000005 /* GlobalHotkeyManager.swift */,
				100000000000000000000006 /* WindowEnumerator.swift */,
				100000000000000000000007 /* AXWindowController.swift */,
				100000000000000000000008 /* WindowCloser.swift */,
				10000000000000000000000C /* MissionControlDetector.swift */,
				100000000000000000000010 /* MissionControlOverlayRefresher.swift */,
				100000000000000000000011 /* TrackpadGestureDetector.swift */,
				10000000000000000000000D /* DebugWindowDumper.swift */,
				10000000000000000000000E /* MatchingConfidence.swift */,
				10000000000000000000000F /* AppConfiguration.swift */,
				100000000000000000000009 /* Logger.swift */,
				10000000000000000000000A /* Info.plist */,
			);
			path = MissionSwipe;
			sourceTree = "<group>";
		};
		100000000000000000000303 /* Products */ = {
			isa = PBXGroup;
			children = (
				10000000000000000000000B /* MissionSwipe.app */,
			);
			name = Products;
			sourceTree = "<group>";
		};
/* End PBXGroup section */

/* Begin PBXNativeTarget section */
		100000000000000000000401 /* MissionSwipe */ = {
			isa = PBXNativeTarget;
			buildConfigurationList = 100000000000000000000701 /* Build configuration list for PBXNativeTarget "MissionSwipe" */;
			buildPhases = (
				100000000000000000000501 /* Sources */,
				100000000000000000000201 /* Frameworks */,
			);
			buildRules = (
			);
			dependencies = (
			);
			name = MissionSwipe;
			productName = MissionSwipe;
			productReference = 10000000000000000000000B /* MissionSwipe.app */;
			productType = "com.apple.product-type.application";
		};
/* End PBXNativeTarget section */

/* Begin PBXProject section */
		100000000000000000000601 /* Project object */ = {
			isa = PBXProject;
			attributes = {
				BuildIndependentTargetsInParallel = 1;
				LastSwiftUpdateCheck = 2600;
				LastUpgradeCheck = 2600;
				TargetAttributes = {
					100000000000000000000401 = {
						CreatedOnToolsVersion = 26.0;
					};
				};
			};
			buildConfigurationList = 100000000000000000000801 /* Build configuration list for PBXProject "MissionSwipe" */;
			compatibilityVersion = "Xcode 14.0";
			developmentRegion = en;
			hasScannedForEncodings = 0;
			knownRegions = (
				en,
				Base,
			);
			mainGroup = 100000000000000000000301;
			productRefGroup = 100000000000000000000303 /* Products */;
			projectDirPath = "";
			projectRoot = "";
			targets = (
				100000000000000000000401 /* MissionSwipe */,
			);
		};
/* End PBXProject section */

/* Begin PBXSourcesBuildPhase section */
		100000000000000000000501 /* Sources */ = {
			isa = PBXSourcesBuildPhase;
			buildActionMask = 2147483647;
			files = (
				100000000000000000000101 /* main.swift in Sources */,
				100000000000000000000102 /* AppDelegate.swift in Sources */,
				100000000000000000000103 /* StatusBarController.swift in Sources */,
				100000000000000000000104 /* AccessibilityPermissionManager.swift in Sources */,
				100000000000000000000105 /* GlobalHotkeyManager.swift in Sources */,
				100000000000000000000106 /* WindowEnumerator.swift in Sources */,
				100000000000000000000107 /* AXWindowController.swift in Sources */,
				100000000000000000000108 /* WindowCloser.swift in Sources */,
				10000000000000000000010A /* MissionControlDetector.swift in Sources */,
				10000000000000000000010B /* DebugWindowDumper.swift in Sources */,
				10000000000000000000010C /* MatchingConfidence.swift in Sources */,
				10000000000000000000010D /* AppConfiguration.swift in Sources */,
				10000000000000000000010E /* MissionControlOverlayRefresher.swift in Sources */,
				10000000000000000000010F /* TrackpadGestureDetector.swift in Sources */,
				100000000000000000000109 /* Logger.swift in Sources */,
			);
			runOnlyForDeploymentPostprocessing = 0;
		};
/* End PBXSourcesBuildPhase section */

/* Begin XCBuildConfiguration section */
		100000000000000000000901 /* Debug */ = {
			isa = XCBuildConfiguration;
			buildSettings = {
				ALWAYS_SEARCH_USER_PATHS = NO;
				CLANG_ANALYZER_NONNULL = YES;
				CLANG_ANALYZER_NUMBER_OBJECT_CONVERSION = YES_AGGRESSIVE;
				CLANG_CXX_LANGUAGE_STANDARD = "gnu++20";
				CLANG_ENABLE_MODULES = YES;
				CLANG_ENABLE_OBJC_ARC = YES;
				CLANG_ENABLE_OBJC_WEAK = YES;
				CLANG_WARN_BLOCK_CAPTURE_AUTORELEASING = YES;
				CLANG_WARN_BOOL_CONVERSION = YES;
				CLANG_WARN_COMMA = YES;
				CLANG_WARN_CONSTANT_CONVERSION = YES;
				CLANG_WARN_DEPRECATED_OBJC_IMPLEMENTATIONS = YES;
				CLANG_WARN_DIRECT_OBJC_ISA_USAGE = YES_ERROR;
				CLANG_WARN_DOCUMENTATION_COMMENTS = YES;
				CLANG_WARN_EMPTY_BODY = YES;
				CLANG_WARN_ENUM_CONVERSION = YES;
				CLANG_WARN_INFINITE_RECURSION = YES;
				CLANG_WARN_INT_CONVERSION = YES;
				CLANG_WARN_NON_LITERAL_NULL_CONVERSION = YES;
				CLANG_WARN_OBJC_IMPLICIT_RETAIN_SELF = YES;
				CLANG_WARN_OBJC_LITERAL_CONVERSION = YES;
				CLANG_WARN_OBJC_ROOT_CLASS = YES_ERROR;
				CLANG_WARN_QUOTED_INCLUDE_IN_FRAMEWORK_HEADER = YES;
				CLANG_WARN_RANGE_LOOP_ANALYSIS = YES;
				CLANG_WARN_STRICT_PROTOTYPES = YES;
				CLANG_WARN_SUSPICIOUS_MOVE = YES;
				CLANG_WARN_UNGUARDED_AVAILABILITY = YES_AGGRESSIVE;
				CLANG_WARN_UNREACHABLE_CODE = YES;
				CLANG_WARN__DUPLICATE_METHOD_MATCH = YES;
				COPY_PHASE_STRIP = NO;
				DEBUG_INFORMATION_FORMAT = dwarf;
				ENABLE_STRICT_OBJC_MSGSEND = YES;
				ENABLE_TESTABILITY = YES;
				GCC_C_LANGUAGE_STANDARD = gnu17;
				GCC_DYNAMIC_NO_PIC = NO;
				GCC_NO_COMMON_BLOCKS = YES;
				GCC_OPTIMIZATION_LEVEL = 0;
				GCC_PREPROCESSOR_DEFINITIONS = (
					"DEBUG=1",
					"$(inherited)",
				);
				GCC_WARN_64_TO_32_BIT_CONVERSION = YES;
				GCC_WARN_ABOUT_RETURN_TYPE = YES_ERROR;
				GCC_WARN_UNDECLARED_SELECTOR = YES;
				GCC_WARN_UNINITIALIZED_AUTOS = YES_AGGRESSIVE;
				GCC_WARN_UNUSED_FUNCTION = YES;
				GCC_WARN_UNUSED_VARIABLE = YES;
				MACOSX_DEPLOYMENT_TARGET = 13.0;
				MTL_ENABLE_DEBUG_INFO = INCLUDE_SOURCE;
				MTL_FAST_MATH = YES;
				ONLY_ACTIVE_ARCH = YES;
				SDKROOT = macosx;
				SWIFT_ACTIVE_COMPILATION_CONDITIONS = DEBUG;
				SWIFT_OPTIMIZATION_LEVEL = "-Onone";
			};
			name = Debug;
		};
		100000000000000000000902 /* Release */ = {
			isa = XCBuildConfiguration;
			buildSettings = {
				ALWAYS_SEARCH_USER_PATHS = NO;
				CLANG_ANALYZER_NONNULL = YES;
				CLANG_ANALYZER_NUMBER_OBJECT_CONVERSION = YES_AGGRESSIVE;
				CLANG_CXX_LANGUAGE_STANDARD = "gnu++20";
				CLANG_ENABLE_MODULES = YES;
				CLANG_ENABLE_OBJC_ARC = YES;
				CLANG_ENABLE_OBJC_WEAK = YES;
				CLANG_WARN_BLOCK_CAPTURE_AUTORELEASING = YES;
				CLANG_WARN_BOOL_CONVERSION = YES;
				CLANG_WARN_COMMA = YES;
				CLANG_WARN_CONSTANT_CONVERSION = YES;
				CLANG_WARN_DEPRECATED_OBJC_IMPLEMENTATIONS = YES;
				CLANG_WARN_DIRECT_OBJC_ISA_USAGE = YES_ERROR;
				CLANG_WARN_DOCUMENTATION_COMMENTS = YES;
				CLANG_WARN_EMPTY_BODY = YES;
				CLANG_WARN_ENUM_CONVERSION = YES;
				CLANG_WARN_INFINITE_RECURSION = YES;
				CLANG_WARN_INT_CONVERSION = YES;
				CLANG_WARN_NON_LITERAL_NULL_CONVERSION = YES;
				CLANG_WARN_OBJC_IMPLICIT_RETAIN_SELF = YES;
				CLANG_WARN_OBJC_LITERAL_CONVERSION = YES;
				CLANG_WARN_OBJC_ROOT_CLASS = YES_ERROR;
				CLANG_WARN_QUOTED_INCLUDE_IN_FRAMEWORK_HEADER = YES;
				CLANG_WARN_RANGE_LOOP_ANALYSIS = YES;
				CLANG_WARN_STRICT_PROTOTYPES = YES;
				CLANG_WARN_SUSPICIOUS_MOVE = YES;
				CLANG_WARN_UNGUARDED_AVAILABILITY = YES_AGGRESSIVE;
				CLANG_WARN_UNREACHABLE_CODE = YES;
				CLANG_WARN__DUPLICATE_METHOD_MATCH = YES;
				COPY_PHASE_STRIP = NO;
				DEBUG_INFORMATION_FORMAT = "dwarf-with-dsym";
				ENABLE_NS_ASSERTIONS = NO;
				ENABLE_STRICT_OBJC_MSGSEND = YES;
				GCC_C_LANGUAGE_STANDARD = gnu17;
				GCC_NO_COMMON_BLOCKS = YES;
				GCC_WARN_64_TO_32_BIT_CONVERSION = YES;
				GCC_WARN_ABOUT_RETURN_TYPE = YES_ERROR;
				GCC_WARN_UNDECLARED_SELECTOR = YES;
				GCC_WARN_UNINITIALIZED_AUTOS = YES_AGGRESSIVE;
				GCC_WARN_UNUSED_FUNCTION = YES;
				GCC_WARN_UNUSED_VARIABLE = YES;
				MACOSX_DEPLOYMENT_TARGET = 13.0;
				MTL_ENABLE_DEBUG_INFO = NO;
				MTL_FAST_MATH = YES;
				SDKROOT = macosx;
				SWIFT_COMPILATION_MODE = wholemodule;
				SWIFT_OPTIMIZATION_LEVEL = "-O";
			};
			name = Release;
		};
		100000000000000000000903 /* Debug */ = {
			isa = XCBuildConfiguration;
			buildSettings = {
				ASSETCATALOG_COMPILER_APPICON_NAME = "";
				CODE_SIGN_STYLE = Automatic;
				COMBINE_HIDPI_IMAGES = YES;
				CURRENT_PROJECT_VERSION = 7;
				DEVELOPMENT_TEAM = 73CDG9SB88;
				ENABLE_HARDENED_RUNTIME = YES;
				ENABLE_USER_SCRIPT_SANDBOXING = NO;
				GENERATE_INFOPLIST_FILE = NO;
				INFOPLIST_FILE = MissionSwipe/Info.plist;
				LD_RUNPATH_SEARCH_PATHS = (
					"$(inherited)",
					"@executable_path/../Frameworks",
				);
				MARKETING_VERSION = 0.6.1;
				PRODUCT_BUNDLE_IDENTIFIER = io.github.stevenalva.MissionSwipe;
				PRODUCT_NAME = "$(TARGET_NAME)";
				SWIFT_VERSION = 5.0;
			};
			name = Debug;
		};
		100000000000000000000904 /* Release */ = {
			isa = XCBuildConfiguration;
			buildSettings = {
				ASSETCATALOG_COMPILER_APPICON_NAME = "";
				CODE_SIGN_STYLE = Automatic;
				COMBINE_HIDPI_IMAGES = YES;
				CURRENT_PROJECT_VERSION = 7;
				DEVELOPMENT_TEAM = 73CDG9SB88;
				ENABLE_HARDENED_RUNTIME = YES;
				ENABLE_USER_SCRIPT_SANDBOXING = NO;
				GENERATE_INFOPLIST_FILE = NO;
				INFOPLIST_FILE = MissionSwipe/Info.plist;
				LD_RUNPATH_SEARCH_PATHS = (
					"$(inherited)",
					"@executable_path/../Frameworks",
				);
				MARKETING_VERSION = 0.6.1;
				PRODUCT_BUNDLE_IDENTIFIER = io.github.stevenalva.MissionSwipe;
				PRODUCT_NAME = "$(TARGET_NAME)";
				SWIFT_VERSION = 5.0;
			};
			name = Release;
		};
/* End XCBuildConfiguration section */

/* Begin XCConfigurationList section */
		100000000000000000000701 /* Build configuration list for PBXNativeTarget "MissionSwipe" */ = {
			isa = XCConfigurationList;
			buildConfigurations = (
				100000000000000000000903 /* Debug */,
				100000000000000000000904 /* Release */,
			);
			defaultConfigurationIsVisible = 0;
			defaultConfigurationName = Release;
		};
		100000000000000000000801 /* Build configuration list for PBXProject "MissionSwipe" */ = {
			isa = XCConfigurationList;
			buildConfigurations = (
				100000000000000000000901 /* Debug */,
				100000000000000000000902 /* Release */,
			);
			defaultConfigurationIsVisible = 0;
			defaultConfigurationName = Release;
		};
/* End XCConfigurationList section */
	};
	rootObject = 100000000000000000000601 /* Project object */;
}
